Microsoft Visual Studio Solution File, Format Version 11.00
# Visual Studio 2008

Project("{A757DE50-2933-7C3F-0F43-FDA633242412}") = "Colors Match", "Assembly-CSharp.csproj", "{D4CFAECF-9098-9CC0-1953-EE0E1797ABC2}"
EndProject
Global
	GlobalSection(SolutionConfigurationPlatforms) = preSolution
		Debug|Any CPU = Debug|Any CPU
		Release|Any CPU = Release|Any CPU
	EndGlobalSection
	GlobalSection(ProjectConfigurationPlatforms) = postSolution
		{D4CFAECF-9098-9CC0-1953-EE0E1797ABC2}.Debug|Any CPU.ActiveCfg = Debug|Any CPU
		{D4CFAECF-9098-9CC0-1953-EE0E1797ABC2}.Debug|Any CPU.Build.0 = Debug|Any CPU
		{D4CFAECF-9098-9CC0-1953-EE0E1797ABC2}.Release|Any CPU.ActiveCfg = Release|Any CPU
		{D4CFAECF-9098-9CC0-1953-EE0E1797ABC2}.Release|Any CPU.Build.0 = Release|Any CPU
	EndGlobalSection
	GlobalSection(SolutionProperties) = preSolution
		HideSolutionNode = FALSE
	EndGlobalSection
	GlobalSection(MonoDevelopProperties) = preSolution
		StartupItem = Assembly-CSharp.csproj
	EndGlobalSection
EndGlobal
